Microsoft Visual Studio Solution File, Format Version 13.00
# Visual Studio 2013
Project("{2150E333-8FDC-42A3-9474-1A3956D46DE8}") = "(example)", "..", "{63378BAC-9EE6-397A-D5BB-51E2D957EFEF}"
EndProject
Project("{8BC9CEB8-8B4A-11D0-8D11-00A0C91BC942}") = "01_HelloWorld", "01_HelloWorld.vcxproj", "{F62803C0-391F-7698-0A90-1DB730A50F61}"
	ProjectSection(ProjectDependencies) = postProject
		{3C37686D-0D3C-EF0D-70A2-6775AE2BEF0A} = {3C37686D-0D3C-EF0D-70A2-6775AE2BEF0A}
	EndProjectSection
EndProject
Project("{8BC9CEB8-8B4A-11D0-8D11-00A0C91BC942}") = "DuiLib", "..\..\DuiLib.vcxproj", "{3C37686D-0D3C-EF0D-70A2-6775AE2BEF0A}"
EndProject
Global
	GlobalSection(SolutionConfigurationPlatforms) = preSolution
		Debug|Win32 = Debug|Win32
		Release|Win32 = Release|Win32
	EndGlobalSection
	GlobalSection(ProjectConfigurationPlatforms) = postSolution
		{3C37686D-0D3C-EF0D-70A2-6775AE2BEF0A}.Debug|Win32.ActiveCfg = Debug|Win32
		{3C37686D-0D3C-EF0D-70A2-6775AE2BEF0A}.Debug|Win32.Build.0 = Debug|Win32
		{3C37686D-0D3C-EF0D-70A2-6775AE2BEF0A}.Release|Win32.ActiveCfg = Release|Win32
		{3C37686D-0D3C-EF0D-70A2-6775AE2BEF0A}.Release|Win32.Build.0 = Release|Win32
		{F62803C0-391F-7698-0A90-1DB730A50F61}.Debug|Win32.ActiveCfg = Debug|Win32
		{F62803C0-391F-7698-0A90-1DB730A50F61}.Debug|Win32.Build.0 = Debug|Win32
		{F62803C0-391F-7698-0A90-1DB730A50F61}.Release|Win32.ActiveCfg = Release|Win32
		{F62803C0-391F-7698-0A90-1DB730A50F61}.Release|Win32.Build.0 = Release|Win32
	EndGlobalSection
	GlobalSection(SolutionProperties) = preSolution
		HideSolutionNode = FALSE
	EndGlobalSection
	GlobalSection(NestedProjects) = preSolution
		{F62803C0-391F-7698-0A90-1DB730A50F61} = {63378BAC-9EE6-397A-D5BB-51E2D957EFEF}
	EndGlobalSection
EndGlobal
